
Microsoft Visual Studio Solution File, Format Version 12.00
# Visual Studio Version 16
VisualStudioVersion = 16.0.29806.167
MinimumVisualStudioVersion = 10.0.40219.1
Project("{9A19103F-16F7-4668-BE54-9A1E7A4F7556}") = "MovieApi", "MovieApi\MovieApi.csproj", "{E842E46F-45B7-4325-B590-50EAF77F20F9}"
EndProject
Project("{9A19103F-16F7-4668-BE54-9A1E7A4F7556}") = "Application", "Application\Application.csproj", "{71505617-F062-40DB-B880-94EB9A6C49E7}"
EndProject
Project("{9A19103F-16F7-4668-BE54-9A1E7A4F7556}") = "Infrastructure", "Infrastructure\Infrastructure.csproj", "{7F1FA21C-55CD-4C2C-949D-2B09F719FD47}"
EndProject
Project("{9A19103F-16F7-4668-BE54-9A1E7A4F7556}") = "Services", "Services\Services.csproj", "{193599A8-DFFF-405B-AC6E-580301BF110F}"
EndProject
Project("{FAE04EC0-301F-11D3-BF4B-00C04F79EFBC}") = "Tests", "Tests\Tests.csproj", "{E54840A8-F689-4D82-A6B5-2D69A9D8BC57}"
EndProject
Global
	GlobalSection(SolutionConfigurationPlatforms) = preSolution
		Debug|Any CPU = Debug|Any CPU
		Release|Any CPU = Release|Any CPU
	EndGlobalSection
	GlobalSection(ProjectConfigurationPlatforms) = postSolution
		{E842E46F-45B7-4325-B590-50EAF77F20F9}.Debug|Any CPU.ActiveCfg = Debug|Any CPU
		{E842E46F-45B7-4325-B590-50EAF77F20F9}.Debug|Any CPU.Build.0 = Debug|Any CPU
		{E842E46F-45B7-4325-B590-50EAF77F20F9}.Release|Any CPU.ActiveCfg = Release|Any CPU
		{E842E46F-45B7-4325-B590-50EAF77F20F9}.Release|Any CPU.Build.0 = Release|Any CPU
		{71505617-F062-40DB-B880-94EB9A6C49E7}.Debug|Any CPU.ActiveCfg = Debug|Any CPU
		{71505617-F062-40DB-B880-94EB9A6C49E7}.Debug|Any CPU.Build.0 = Debug|Any CPU
		{71505617-F062-40DB-B880-94EB9A6C49E7}.Release|Any CPU.ActiveCfg = Release|Any CPU
		{71505617-F062-40DB-B880-94EB9A6C49E7}.Release|Any CPU.Build.0 = Release|Any CPU
		{7F1FA21C-55CD-4C2C-949D-2B09F719FD47}.Debug|Any CPU.ActiveCfg = Debug|Any CPU
		{7F1FA21C-55CD-4C2C-949D-2B09F719FD47}.Debug|Any CPU.Build.0 = Debug|Any CPU
		{7F1FA21C-55CD-4C2C-949D-2B09F719FD47}.Release|Any CPU.ActiveCfg = Release|Any CPU
		{7F1FA21C-55CD-4C2C-949D-2B09F719FD47}.Release|Any CPU.Build.0 = Release|Any CPU
		{193599A8-DFFF-405B-AC6E-580301BF110F}.Debug|Any CPU.ActiveCfg = Debug|Any CPU
		{193599A8-DFFF-405B-AC6E-580301BF110F}.Debug|Any CPU.Build.0 = Debug|Any CPU
		{193599A8-DFFF-405B-AC6E-580301BF110F}.Release|Any CPU.ActiveCfg = Release|Any CPU
		{193599A8-DFFF-405B-AC6E-580301BF110F}.Release|Any CPU.Build.0 = Release|Any CPU
		{E54840A8-F689-4D82-A6B5-2D69A9D8BC57}.Debug|Any CPU.ActiveCfg = Debug|Any CPU
		{E54840A8-F689-4D82-A6B5-2D69A9D8BC57}.Debug|Any CPU.Build.0 = Debug|Any CPU
		{E54840A8-F689-4D82-A6B5-2D69A9D8BC57}.Release|Any CPU.ActiveCfg = Release|Any CPU
		{E54840A8-F689-4D82-A6B5-2D69A9D8BC57}.Release|Any CPU.Build.0 = Release|Any CPU
	EndGlobalSection
	GlobalSection(SolutionProperties) = preSolution
		HideSolutionNode = FALSE
	EndGlobalSection
	GlobalSection(ExtensibilityGlobals) = postSolution
		SolutionGuid = {DE64B7EB-1B1C-4982-979E-3ACAF2DB04F9}
	EndGlobalSection
EndGlobal
